
Microsoft Visual Studio Solution File, Format Version 12.00
# Visual Studio 2012
Project("{FAE04EC0-301F-11D3-BF4B-00C04F79EFBC}") = "GraphDemo.Data", "GraphDemo.Data\GraphDemo.Data.csproj", "{3F4365F3-87CF-418A-B20A-01D5521EF463}"
EndProject
Project("{FAE04EC0-301F-11D3-BF4B-00C04F79EFBC}") = "GraphDemo.DataProvider", "GraphDemo.DataProvider\GraphDemo.DataProvider.csproj", "{6BA9EE39-2528-4B1F-AC06-FAFBE4B16B4B}"
EndProject
Project("{FAE04EC0-301F-11D3-BF4B-00C04F79EFBC}") = "GraphDemo.Control", "GraphDemo.Control\GraphDemo.Control.csproj", "{D06E1EEB-A30E-441B-916B-D6AD9F7F39E3}"
EndProject
Global
	GlobalSection(SolutionConfigurationPlatforms) = preSolution
		Debug|Any CPU = Debug|Any CPU
		Release|Any CPU = Release|Any CPU
	EndGlobalSection
	GlobalSection(ProjectConfigurationPlatforms) = postSolution
		{3F4365F3-87CF-418A-B20A-01D5521EF463}.Debug|Any CPU.ActiveCfg = Debug|Any CPU
		{3F4365F3-87CF-418A-B20A-01D5521EF463}.Debug|Any CPU.Build.0 = Debug|Any CPU
		{3F4365F3-87CF-418A-B20A-01D5521EF463}.Release|Any CPU.ActiveCfg = Release|Any CPU
		{3F4365F3-87CF-418A-B20A-01D5521EF463}.Release|Any CPU.Build.0 = Release|Any CPU
		{6BA9EE39-2528-4B1F-AC06-FAFBE4B16B4B}.Debug|Any CPU.ActiveCfg = Debug|Any CPU
		{6BA9EE39-2528-4B1F-AC06-FAFBE4B16B4B}.Debug|Any CPU.Build.0 = Debug|Any CPU
		{6BA9EE39-2528-4B1F-AC06-FAFBE4B16B4B}.Release|Any CPU.ActiveCfg = Release|Any CPU
		{6BA9EE39-2528-4B1F-AC06-FAFBE4B16B4B}.Release|Any CPU.Build.0 = Release|Any CPU
		{D06E1EEB-A30E-441B-916B-D6AD9F7F39E3}.Debug|Any CPU.ActiveCfg = Debug|Any CPU
		{D06E1EEB-A30E-441B-916B-D6AD9F7F39E3}.Debug|Any CPU.Build.0 = Debug|Any CPU
		{D06E1EEB-A30E-441B-916B-D6AD9F7F39E3}.Release|Any CPU.ActiveCfg = Release|Any CPU
		{D06E1EEB-A30E-441B-916B-D6AD9F7F39E3}.Release|Any CPU.Build.0 = Release|Any CPU
	EndGlobalSection
	GlobalSection(SolutionProperties) = preSolution
		HideSolutionNode = FALSE
	EndGlobalSection
EndGlobal
